
Microsoft Visual Studio Solution File, Format Version 12.00
# Visual Studio Version 17
VisualStudioVersion = 17.5.33516.290
MinimumVisualStudioVersion = 10.0.40219.1
Project("{FAE04EC0-301F-11D3-BF4B-00C04F79EFBC}") = "MyOrganization", "MyOrganization.csproj", "{89E26FDB-BE68-491F-B3B1-CF28F1D12786}"
EndProject
Global
	GlobalSection(SolutionConfigurationPlatforms) = preSolution
		Debug|Any CPU = Debug|Any CPU
		Release|Any CPU = Release|Any CPU
	EndGlobalSection
	GlobalSection(ProjectConfigurationPlatforms) = postSolution
		{89E26FDB-BE68-491F-B3B1-CF28F1D12786}.Debug|Any CPU.ActiveCfg = Debug|Any CPU
		{89E26FDB-BE68-491F-B3B1-CF28F1D12786}.Debug|Any CPU.Build.0 = Debug|Any CPU
		{89E26FDB-BE68-491F-B3B1-CF28F1D12786}.Release|Any CPU.ActiveCfg = Release|Any CPU
		{89E26FDB-BE68-491F-B3B1-CF28F1D12786}.Release|Any CPU.Build.0 = Release|Any CPU
	EndGlobalSection
	GlobalSection(SolutionProperties) = preSolution
		HideSolutionNode = FALSE
	EndGlobalSection
	GlobalSection(ExtensibilityGlobals) = postSolution
		SolutionGuid = {611D97EF-99AE-417F-BAA7-D93FFCA5ECC0}
	EndGlobalSection
EndGlobal
